
Microsoft Visual Studio Solution File, Format Version 12.00
# Visual Studio Version 16
VisualStudioVersion = 16.0.31005.135
MinimumVisualStudioVersion = 10.0.40219.1
Project("{FAE04EC0-301F-11D3-BF4B-00C04F79EFBC}") = "PIV-1", "PIV-1.csproj", "{29438730-0485-4FF8-8353-8EC3FE922FA2}"
EndProject
Global
	GlobalSection(SolutionConfigurationPlatforms) = preSolution
		Debug|Any CPU = Debug|Any CPU
		Release|Any CPU = Release|Any CPU
	EndGlobalSection
	GlobalSection(ProjectConfigurationPlatforms) = postSolution
		{29438730-0485-4FF8-8353-8EC3FE922FA2}.Debug|Any CPU.ActiveCfg = Debug|Any CPU
		{29438730-0485-4FF8-8353-8EC3FE922FA2}.Debug|Any CPU.Build.0 = Debug|Any CPU
		{29438730-0485-4FF8-8353-8EC3FE922FA2}.Release|Any CPU.ActiveCfg = Release|Any CPU
		{29438730-0485-4FF8-8353-8EC3FE922FA2}.Release|Any CPU.Build.0 = Release|Any CPU
	EndGlobalSection
	GlobalSection(SolutionProperties) = preSolution
		HideSolutionNode = FALSE
	EndGlobalSection
	GlobalSection(ExtensibilityGlobals) = postSolution
		SolutionGuid = {ED986120-8EE4-4DC1-B112-4539CBBC999E}
	EndGlobalSection
EndGlobal
